// !$*UTF8*$!
{
	archiveVersion = 1;
	classes = {
	};
	objectVersion = 56;
	objects = {

/* Begin PBXBuildFile section */
		BB5E739329A6B8890034F186 /* Daily_TodoApp.swift in Sources */ = {isa = PBXBuildFile; fileRef = BB5E739229A6B8890034F186 /* Daily_TodoApp.swift */; };
		BB5E739529A6B8890034F186 /* ContentView.swift in Sources */ = {isa = PBXBuildFile; fileRef = BB5E739429A6B8890034F186 /* ContentView.swift */; };
		BB5E739729A6B88B0034F186 /* Assets.xcassets in Resources */ = {isa = PBXBuildFile; fileRef = BB5E739629A6B88B0034F186 /* Assets.xcassets */; };
		BB5E739A29A6B88B0034F186 /* Preview Assets.xcassets in Resources */ = {isa = PBXBuildFile; fileRef = BB5E739929A6B88B0034F186 /* Preview Assets.xcassets */; };
		BB5E73A429A6B88C0034F186 /* Daily_TodoTests.swift in Sources */ = {isa = PBXBuildFile; fileRef = BB5E73A329A6B88C0034F186 /* Daily_TodoTests.swift */; };
		BB5E73AE29A6B88C0034F186 /* Daily_TodoUITests.swift in Sources */ = {isa = PBXBuildFile; fileRef = BB5E73AD29A6B88C0034F186 /* Daily_TodoUITests.swift */; };
		BB5E73B029A6B88C0034F186 /* Daily_TodoUITestsLaunchTests.swift in Sources */ = {isa = PBXBuildFile; fileRef = BB5E73AF29A6B88C0034F186 /* Daily_TodoUITestsLaunchTests.swift */; };
/* End PBXBuildFile section */

/* Begin PBXContainerItemProxy section */
		BB5E73A029A6B88C0034F186 /* PBXContainerItemProxy */ = {
			isa = PBXContainerItemProxy;
			containerPortal = BB5E738729A6B8890034F186 /* Project object */;
			proxyType = 1;
			remoteGlobalIDString = BB5E738E29A6B8890034F186;
			remoteInfo = "Daily Todo";
		};
		BB5E73AA29A6B88C0034F186 /* PBXContainerItemProxy */ = {
			isa = PBXContainerItemProxy;
			containerPortal = BB5E738729A6B8890034F186 /* Project object */;
			proxyType = 1;
			remoteGlobalIDString = BB5E738E29A6B8890034F186;
			remoteInfo = "Daily Todo";
		};
/* End PBXContainerItemProxy section */

/* Begin PBXFileReference section */
		BB5E738F29A6B8890034F186 /* Daily Todo.app */ = {isa = PBXFileReference; explicitFileType = wrapper.application; includeInIndex = 0; path = "Daily Todo.app"; sourceTree = BUILT_PRODUCTS_DIR; };
		BB5E739229A6B8890034F186 /* Daily_TodoApp.swift */ = {isa = PBXFileReference; lastKnownFileType = sourcecode.swift; path = Daily_TodoApp.swift; sourceTree = "<group>"; };
		BB5E739429A6B8890034F186 /* ContentView.swift */ = {isa = PBXFileReference; lastKnownFileType = sourcecode.swift; path = ContentView.swift; sourceTree = "<group>"; };
		BB5E739629A6B88B0034F186 /* Assets.xcassets */ = {isa = PBXFileReference; lastKnownFileType = folder.assetcatalog; path = Assets.xcassets; sourceTree = "<group>"; };
		BB5E739929A6B88B0034F186 /* Preview Assets.xcassets */ = {isa = PBXFileReference; lastKnownFileType = folder.assetcatalog; path = "Preview Assets.xcassets"; sourceTree = "<group>"; };
		BB5E739F29A6B88C0034F186 /* Daily TodoTests.xctest */ = {isa = PBXFileReference; explicitFileType = wrapper.cfbundle; includeInIndex = 0; path = "Daily TodoTests.xctest"; sourceTree = BUILT_PRODUCTS_DIR; };
		BB5E73A329A6B88C0034F186 /* Daily_TodoTests.swift */ = {isa = PBXFileReference; lastKnownFileType = sourcecode.swift; path = Daily_TodoTests.swift; sourceTree = "<group>"; };
		BB5E73A929A6B88C0034F186 /* Daily TodoUITests.xctest */ = {isa = PBXFileReference; explicitFileType = wrapper.cfbundle; includeInIndex = 0; path = "Daily TodoUITests.xctest"; sourceTree = BUILT_PRODUCTS_DIR; };
		BB5E73AD29A6B88C0034F186 /* Daily_TodoUITests.swift */ = {isa = PBXFileReference; lastKnownFileType = sourcecode.swift; path = Daily_TodoUITests.swift; sourceTree = "<group>"; };
		BB5E73AF29A6B88C0034F186 /* Daily_TodoUITestsLaunchTests.swift */ = {isa = PBXFileReference; lastKnownFileType = sourcecode.swift; path = Daily_TodoUITestsLaunchTests.swift; sourceTree = "<group>"; };
/* End PBXFileReference section */

/* Begin PBXFrameworksBuildPhase section */
		BB5E738C29A6B8890034F186 /* Frameworks */ = {
			isa = PBXFrameworksBuildPhase;
			buildActionMask = 2147483647;
			files = (
			);
			runOnlyForDeploymentPostprocessing = 0;
		};
		BB5E739C29A6B88C0034F186 /* Frameworks */ = {
			isa = PBXFrameworksBuildPhase;
			buildActionMask = 2147483647;
			files = (
			);
			runOnlyForDeploymentPostprocessing = 0;
		};
		BB5E73A629A6B88C0034F186 /* Frameworks */ = {
			isa = PBXFrameworksBuildPhase;
			buildActionMask = 2147483647;
			files = (
			);
			runOnlyForDeploymentPostprocessing = 0;
		};
/* End PBXFrameworksBuildPhase section */

/* Begin PBXGroup section */
		BB5E738629A6B8890034F186 = {
			isa = PBXGroup;
			children = (
				BB5E739129A6B8890034F186 /* Daily Todo */,
				BB5E73A229A6B88C0034F186 /* Daily TodoTests */,
				BB5E73AC29A6B88C0034F186 /* Daily TodoUITests */,
				BB5E739029A6B8890034F186 /* Products */,
			);
			sourceTree = "<group>";
		};
		BB5E739029A6B8890034F186 /* Products */ = {
			isa = PBXGroup;
			children = (
				BB5E738F29A6B8890034F186 /* Daily Todo.app */,
				BB5E739F29A6B88C0034F186 /* Daily TodoTests.xctest */,
				BB5E73A929A6B88C0034F186 /* Daily TodoUITests.xctest */,
			);
			name = Products;
			sourceTree = "<group>";
		};
		BB5E739129A6B8890034F186 /* Daily Todo */ = {
			isa = PBXGroup;
			children = (
				BB5E739229A6B8890034F186 /* Daily_TodoApp.swift */,
				BB5E739429A6B8890034F186 /* ContentView.swift */,
				BB5E739629A6B88B0034F186 /* Assets.xcassets */,
				BB5E739829A6B88B0034F186 /* Preview Content */,
			);
			path = "Daily Todo";
			sourceTree = "<group>";
		};
		BB5E739829A6B88B0034F186 /* Preview Content */ = {
			isa = PBXGroup;
			children = (
				BB5E739929A6B88B0034F186 /* Preview Assets.xcassets */,
			);
			path = "Preview Content";
			sourceTree = "<group>";
		};
		BB5E73A229A6B88C0034F186 /* Daily TodoTests */ = {
			isa = PBXGroup;
			children = (
				BB5E73A329A6B88C0034F186 /* Daily_TodoTests.swift */,
			);
			path = "Daily TodoTests";
			sourceTree = "<group>";
		};
		BB5E73AC29A6B88C0034F186 /* Daily TodoUITests */ = {
			isa = PBXGroup;
			children = (
				BB5E73AD29A6B88C0034F186 /* Daily_TodoUITests.swift */,
				BB5E73AF29A6B88C0034F186 /* Daily_TodoUITestsLaunchTests.swift */,
			);
			path = "Daily TodoUITests";
			sourceTree = "<group>";
		};
/* End PBXGroup section */

/* Begin PBXNativeTarget section */
		BB5E738E29A6B8890034F186 /* Daily Todo */ = {
			isa = PBXNativeTarget;
			buildConfigurationList = BB5E73B329A6B88C0034F186 /* Build configuration list for PBXNativeTarget "Daily Todo" */;
			buildPhases = (
				BB5E738B29A6B8890034F186 /* Sources */,
				BB5E738C29A6B8890034F186 /* Frameworks */,
				BB5E738D29A6B8890034F186 /* Resources */,
			);
			buildRules = (
			);
			dependencies = (
			);
			name = "Daily Todo";
			productName = "Daily Todo";
			productReference = BB5E738F29A6B8890034F186 /* Daily Todo.app */;
			productType = "com.apple.product-type.application";
		};
		BB5E739E29A6B88C0034F186 /* Daily TodoTests */ = {
			isa = PBXNativeTarget;
			buildConfigurationList = BB5E73B629A6B88C0034F186 /* Build configuration list for PBXNativeTarget "Daily TodoTests" */;
			buildPhases = (
				BB5E739B29A6B88C0034F186 /* Sources */,
				BB5E739C29A6B88C0034F186 /* Frameworks */,
				BB5E739D29A6B88C0034F186 /* Resources */,
			);
			buildRules = (
			);
			dependencies = (
				BB5E73A129A6B88C0034F186 /* PBXTargetDependency */,
			);
			name = "Daily TodoTests";
			productName = "Daily TodoTests";
			productReference = BB5E739F29A6B88C0034F186 /* Daily TodoTests.xctest */;
			productType = "com.apple.product-type.bundle.unit-test";
		};
		BB5E73A829A6B88C0034F186 /* Daily TodoUITests */ = {
			isa = PBXNativeTarget;
			buildConfigurationList = BB5E73B929A6B88C0034F186 /* Build configuration list for PBXNativeTarget "Daily TodoUITests" */;
			buildPhases = (
				BB5E73A529A6B88C0034F186 /* Sources */,
				BB5E73A629A6B88C0034F186 /* Frameworks */,
				BB5E73A729A6B88C0034F186 /* Resources */,
			);
			buildRules = (
			);
			dependencies = (
				BB5E73AB29A6B88C0034F186 /* PBXTargetDependency */,
			);
			name = "Daily TodoUITests";
			productName = "Daily TodoUITests";
			productReference = BB5E73A929A6B88C0034F186 /* Daily TodoUITests.xctest */;
			productType = "com.apple.product-type.bundle.ui-testing";
		};
/* End PBXNativeTarget section */

/* Begin PBXProject section */
		BB5E738729A6B8890034F186 /* Project object */ = {
			isa = PBXProject;
			attributes = {
				BuildIndependentTargetsInParallel = 1;
				LastSwiftUpdateCheck = 1410;
				LastUpgradeCheck = 1410;
				TargetAttributes = {
					BB5E738E29A6B8890034F186 = {
						CreatedOnToolsVersion = 14.1;
					};
					BB5E739E29A6B88C0034F186 = {
						CreatedOnToolsVersion = 14.1;
						TestTargetID = BB5E738E29A6B8890034F186;
					};
					BB5E73A829A6B88C0034F186 = {
						CreatedOnToolsVersion = 14.1;
						TestTargetID = BB5E738E29A6B8890034F186;
					};
				};
			};
			buildConfigurationList = BB5E738A29A6B8890034F186 /* Build configuration list for PBXProject "Daily Todo" */;
			compatibilityVersion = "Xcode 14.0";
			developmentRegion = en;
			hasScannedForEncodings = 0;
			knownRegions = (
				en,
				Base,
			);
			mainGroup = BB5E738629A6B8890034F186;
			productRefGroup = BB5E739029A6B8890034F186 /* Products */;
			projectDirPath = "";
			projectRoot = "";
			targets = (
				BB5E738E29A6B8890034F186 /* Daily Todo */,
				BB5E739E29A6B88C0034F186 /* Daily TodoTests */,
				BB5E73A829A6B88C0034F186 /* Daily TodoUITests */,
			);
		};
/* End PBXProject section */

/* Begin PBXResourcesBuildPhase section */
		BB5E738D29A6B8890034F186 /* Resources */ = {
			isa = PBXResourcesBuildPhase;
			buildActionMask = 2147483647;
			files = (
				BB5E739A29A6B88B0034F186 /* Preview Assets.xcassets in Resources */,
				BB5E739729A6B88B0034F186 /* Assets.xcassets in Resources */,
			);
			runOnlyForDeploymentPostprocessing = 0;
		};
		BB5E739D29A6B88C0034F186 /* Resources */ = {
			isa = PBXResourcesBuildPhase;
			buildActionMask = 2147483647;
			files = (
			);
			runOnlyForDeploymentPostprocessing = 0;
		};
		BB5E73A729A6B88C0034F186 /* Resources */ = {
			isa = PBXResourcesBuildPhase;
			buildActionMask = 2147483647;
			files = (
			);
			runOnlyForDeploymentPostprocessing = 0;
		};
/* End PBXResourcesBuildPhase section */

/* Begin PBXSourcesBuildPhase section */
		BB5E738B29A6B8890034F186 /* Sources */ = {
			isa = PBXSourcesBuildPhase;
			buildActionMask = 2147483647;
			files = (
				BB5E739529A6B8890034F186 /* ContentView.swift in Sources */,
				BB5E739329A6B8890034F186 /* Daily_TodoApp.swift in Sources */,
			);
			runOnlyForDeploymentPostprocessing = 0;
		};
		BB5E739B29A6B88C0034F186 /* Sources */ = {
			isa = PBXSourcesBuildPhase;
			buildActionMask = 2147483647;
			files = (
				BB5E73A429A6B88C0034F186 /* Daily_TodoTests.swift in Sources */,
			);
			runOnlyForDeploymentPostprocessing = 0;
		};
		BB5E73A529A6B88C0034F186 /* Sources */ = {
			isa = PBXSourcesBuildPhase;
			buildActionMask = 2147483647;
			files = (
				BB5E73B029A6B88C0034F186 /* Daily_TodoUITestsLaunchTests.swift in Sources */,
				BB5E73AE29A6B88C0034F186 /* Daily_TodoUITests.swift in Sources */,
			);
			runOnlyForDeploymentPostprocessing = 0;
		};
/* End PBXSourcesBuildPhase section */

/* Begin PBXTargetDependency section */
		BB5E73A129A6B88C0034F186 /* PBXTargetDependency */ = {
			isa = PBXTargetDependency;
			target = BB5E738E29A6B8890034F186 /* Daily Todo */;
			targetProxy = BB5E73A029A6B88C0034F186 /* PBXContainerItemProxy */;
		};
		BB5E73AB29A6B88C0034F186 /* PBXTargetDependency */ = {
			isa = PBXTargetDependency;
			target = BB5E738E29A6B8890034F186 /* Daily Todo */;
			targetProxy = BB5E73AA29A6B88C0034F186 /* PBXContainerItemProxy */;
		};
/* End PBXTargetDependency section */

/* Begin XCBuildConfiguration section */
		BB5E73B129A6B88C0034F186 /* Debug */ = {
			isa = XCBuildConfiguration;
			buildSettings = {
				ALWAYS_SEARCH_USER_PATHS = NO;
				CLANG_ANALYZER_NONNULL = YES;
				CLANG_ANALYZER_NUMBER_OBJECT_CONVERSION = YES_AGGRESSIVE;
				CLANG_CXX_LANGUAGE_STANDARD = "gnu++20";
				CLANG_ENABLE_MODULES = YES;
				CLANG_ENABLE_OBJC_ARC = YES;
				CLANG_ENABLE_OBJC_WEAK = YES;
				CLANG_WARN_BLOCK_CAPTURE_AUTORELEASING = YES;
				CLANG_WARN_BOOL_CONVERSION = YES;
				CLANG_WARN_COMMA = YES;
				CLANG_WARN_CONSTANT_CONVERSION = YES;
				CLANG_WARN_DEPRECATED_OBJC_IMPLEMENTATIONS = YES;
				CLANG_WARN_DIRECT_OBJC_ISA_USAGE = YES_ERROR;
				CLANG_WARN_DOCUMENTATION_COMMENTS = YES;
				CLANG_WARN_EMPTY_BODY = YES;
				CLANG_WARN_ENUM_CONVERSION = YES;
				CLANG_WARN_INFINITE_RECURSION = YES;
				CLANG_WARN_INT_CONVERSION = YES;
				CLANG_WARN_NON_LITERAL_NULL_CONVERSION = YES;
				CLANG_WARN_OBJC_IMPLICIT_RETAIN_SELF = YES;
				CLANG_WARN_OBJC_LITERAL_CONVERSION = YES;
				CLANG_WARN_OBJC_ROOT_CLASS = YES_ERROR;
				CLANG_WARN_QUOTED_INCLUDE_IN_FRAMEWORK_HEADER = YES;
				CLANG_WARN_RANGE_LOOP_ANALYSIS = YES;
				CLANG_WARN_STRICT_PROTOTYPES = YES;
				CLANG_WARN_SUSPICIOUS_MOVE = YES;
				CLANG_WARN_UNGUARDED_AVAILABILITY = YES_AGGRESSIVE;
				CLANG_WARN_UNREACHABLE_CODE = YES;
				CLANG_WARN__DUPLICATE_METHOD_MATCH = YES;
				COPY_PHASE_STRIP = NO;
				DEBUG_INFORMATION_FORMAT = dwarf;
				ENABLE_STRICT_OBJC_MSGSEND = YES;
				ENABLE_TESTABILITY = YES;
				GCC_C_LANGUAGE_STANDARD = gnu11;
				GCC_DYNAMIC_NO_PIC = NO;
				GCC_NO_COMMON_BLOCKS = YES;
				GCC_OPTIMIZATION_LEVEL = 0;
				GCC_PREPROCESSOR_DEFINITIONS = (
					"DEBUG=1",
					"$(inherited)",
				);
				GCC_WARN_64_TO_32_BIT_CONVERSION = YES;
				GCC_WARN_ABOUT_RETURN_TYPE = YES_ERROR;
				GCC_WARN_UNDECLARED_SELECTOR = YES;
				GCC_WARN_UNINITIALIZED_AUTOS = YES_AGGRESSIVE;
				GCC_WARN_UNUSED_FUNCTION = YES;
				GCC_WARN_UNUSED_VARIABLE = YES;
				IPHONEOS_DEPLOYMENT_TARGET = 16.1;
				MTL_ENABLE_DEBUG_INFO = INCLUDE_SOURCE;
				MTL_FAST_MATH = YES;
				ONLY_ACTIVE_ARCH = YES;
				SDKROOT = iphoneos;
				SWIFT_ACTIVE_COMPILATION_CONDITIONS = DEBUG;
				SWIFT_OPTIMIZATION_LEVEL = "-Onone";
			};
			name = Debug;
		};
		BB5E73B229A6B88C0034F186 /* Release */ = {
			isa = XCBuildConfiguration;
			buildSettings = {
				ALWAYS_SEARCH_USER_PATHS = NO;
				CLANG_ANALYZER_NONNULL = YES;
				CLANG_ANALYZER_NUMBER_OBJECT_CONVERSION = YES_AGGRESSIVE;
				CLANG_CXX_LANGUAGE_STANDARD = "gnu++20";
				CLANG_ENABLE_MODULES = YES;
				CLANG_ENABLE_OBJC_ARC = YES;
				CLANG_ENABLE_OBJC_WEAK = YES;
				CLANG_WARN_BLOCK_CAPTURE_AUTORELEASING = YES;
				CLANG_WARN_BOOL_CONVERSION = YES;
				CLANG_WARN_COMMA = YES;
				CLANG_WARN_CONSTANT_CONVERSION = YES;
				CLANG_WARN_DEPRECATED_OBJC_IMPLEMENTATIONS = YES;
				CLANG_WARN_DIRECT_OBJC_ISA_USAGE = YES_ERROR;
				CLANG_WARN_DOCUMENTATION_COMMENTS = YES;
				CLANG_WARN_EMPTY_BODY = YES;
				CLANG_WARN_ENUM_CONVERSION = YES;
				CLANG_WARN_INFINITE_RECURSION = YES;
				CLANG_WARN_INT_CONVERSION = YES;
				CLANG_WARN_NON_LITERAL_NULL_CONVERSION = YES;
				CLANG_WARN_OBJC_IMPLICIT_RETAIN_SELF = YES;
				CLANG_WARN_OBJC_LITERAL_CONVERSION = YES;
				CLANG_WARN_OBJC_ROOT_CLASS = YES_ERROR;
				CLANG_WARN_QUOTED_INCLUDE_IN_FRAMEWORK_HEADER = YES;
				CLANG_WARN_RANGE_LOOP_ANALYSIS = YES;
				CLANG_WARN_STRICT_PROTOTYPES = YES;
				CLANG_WARN_SUSPICIOUS_MOVE = YES;
				CLANG_WARN_UNGUARDED_AVAILABILITY = YES_AGGRESSIVE;
				CLANG_WARN_UNREACHABLE_CODE = YES;
				CLANG_WARN__DUPLICATE_METHOD_MATCH = YES;
				COPY_PHASE_STRIP = NO;
				DEBUG_INFORMATION_FORMAT = "dwarf-with-dsym";
				ENABLE_NS_ASSERTIONS = NO;
				ENABLE_STRICT_OBJC_MSGSEND = YES;
				GCC_C_LANGUAGE_STANDARD = gnu11;
				GCC_NO_COMMON_BLOCKS = YES;
				GCC_WARN_64_TO_32_BIT_CONVERSION = YES;
				GCC_WARN_ABOUT_RETURN_TYPE = YES_ERROR;
				GCC_WARN_UNDECLARED_SELECTOR = YES;
				GCC_WARN_UNINITIALIZED_AUTOS = YES_AGGRESSIVE;
				GCC_WARN_UNUSED_FUNCTION = YES;
				GCC_WARN_UNUSED_VARIABLE = YES;
				IPHONEOS_DEPLOYMENT_TARGET = 16.1;
				MTL_ENABLE_DEBUG_INFO = NO;
				MTL_FAST_MATH = YES;
				SDKROOT = iphoneos;
				SWIFT_COMPILATION_MODE = wholemodule;
				SWIFT_OPTIMIZATION_LEVEL = "-O";
				VALIDATE_PRODUCT = YES;
			};
			name = Release;
		};
		BB5E73B429A6B88C0034F186 /* Debug */ = {
			isa = XCBuildConfiguration;
			buildSettings = {
				ASSETCATALOG_COMPILER_APPICON_NAME = AppIcon;
				ASSETCATALOG_COMPILER_GLOBAL_ACCENT_COLOR_NAME = AccentColor;
				CODE_SIGN_STYLE = Automatic;
				CURRENT_PROJECT_VERSION = 1;
				DEVELOPMENT_ASSET_PATHS = "\"Daily Todo/Preview Content\"";
				DEVELOPMENT_TEAM = NGW7S9DH6U;
				ENABLE_PREVIEWS = YES;
				GENERATE_INFOPLIST_FILE = YES;
				INFOPLIST_KEY_UIApplicationSceneManifest_Generation = YES;
				INFOPLIST_KEY_UIApplicationSupportsIndirectInputEvents = YES;
				INFOPLIST_KEY_UILaunchScreen_Generation = YES;
				INFOPLIST_KEY_UISupportedInterfaceOrientations_iPad = "UIInterfaceOrientationPortrait UIInterfaceOrientationPortraitUpsideDown UIInterfaceOrientationLandscapeLeft UIInterfaceOrientationLandscapeRight";
				INFOPLIST_KEY_UISupportedInterfaceOrientations_iPhone = "UIInterfaceOrientationPortrait UIInterfaceOrientationLandscapeLeft UIInterfaceOrientationLandscapeRight";
				LD_RUNPATH_SEARCH_PATHS = (
					"$(inherited)",
					"@executable_path/Frameworks",
				);
				MARKETING_VERSION = 1.0;
				PRODUCT_BUNDLE_IDENTIFIER = "com.believeandsucceed.Daily-Todo";
				PRODUCT_NAME = "$(TARGET_NAME)";
				SWIFT_EMIT_LOC_STRINGS = YES;
				SWIFT_VERSION = 5.0;
				TARGETED_DEVICE_FAMILY = "1,2";
			};
			name = Debug;
		};
		BB5E73B529A6B88C0034F186 /* Release */ = {
			isa = XCBuildConfiguration;
			buildSettings = {
				ASSETCATALOG_COMPILER_APPICON_NAME = AppIcon;
				ASSETCATALOG_COMPILER_GLOBAL_ACCENT_COLOR_NAME = AccentColor;
				CODE_SIGN_STYLE = Automatic;
				CURRENT_PROJECT_VERSION = 1;
				DEVELOPMENT_ASSET_PATHS = "\"Daily Todo/Preview Content\"";
				DEVELOPMENT_TEAM = NGW7S9DH6U;
				ENABLE_PREVIEWS = YES;
				GENERATE_INFOPLIST_FILE = YES;
				INFOPLIST_KEY_UIApplicationSceneManifest_Generation = YES;
				INFOPLIST_KEY_UIApplicationSupportsIndirectInputEvents = YES;
				INFOPLIST_KEY_UILaunchScreen_Generation = YES;
				INFOPLIST_KEY_UISupportedInterfaceOrientations_iPad = "UIInterfaceOrientationPortrait UIInterfaceOrientationPortraitUpsideDown UIInterfaceOrientationLandscapeLeft UIInterfaceOrientationLandscapeRight";
				INFOPLIST_KEY_UISupportedInterfaceOrientations_iPhone = "UIInterfaceOrientationPortrait UIInterfaceOrientationLandscapeLeft UIInterfaceOrientationLandscapeRight";
				LD_RUNPATH_SEARCH_PATHS = (
					"$(inherited)",
					"@executable_path/Frameworks",
				);
				MARKETING_VERSION = 1.0;
				PRODUCT_BUNDLE_IDENTIFIER = "com.believeandsucceed.Daily-Todo";
				PRODUCT_NAME = "$(TARGET_NAME)";
				SWIFT_EMIT_LOC_STRINGS = YES;
				SWIFT_VERSION = 5.0;
				TARGETED_DEVICE_FAMILY = "1,2";
			};
			name = Release;
		};
		BB5E73B729A6B88C0034F186 /* Debug */ = {
			isa = XCBuildConfiguration;
			buildSettings = {
				ALWAYS_EMBED_SWIFT_STANDARD_LIBRARIES = YES;
				BUNDLE_LOADER = "$(TEST_HOST)";
				CODE_SIGN_STYLE = Automatic;
				CURRENT_PROJECT_VERSION = 1;
				DEVELOPMENT_TEAM = NGW7S9DH6U;
				GENERATE_INFOPLIST_FILE = YES;
				IPHONEOS_DEPLOYMENT_TARGET = 16.1;
				MARKETING_VERSION = 1.0;
				PRODUCT_BUNDLE_IDENTIFIER = "com.believeandsucceed.Daily-TodoTests";
				PRODUCT_NAME = "$(TARGET_NAME)";
				SWIFT_EMIT_LOC_STRINGS = NO;
				SWIFT_VERSION = 5.0;
				TARGETED_DEVICE_FAMILY = "1,2";
				TEST_HOST = "$(BUILT_PRODUCTS_DIR)/Daily Todo.app/$(BUNDLE_EXECUTABLE_FOLDER_PATH)/Daily Todo";
			};
			name = Debug;
		};
		BB5E73B829A6B88C0034F186 /* Release */ = {
			isa = XCBuildConfiguration;
			buildSettings = {
				ALWAYS_EMBED_SWIFT_STANDARD_LIBRARIES = YES;
				BUNDLE_LOADER = "$(TEST_HOST)";
				CODE_SIGN_STYLE = Automatic;
				CURRENT_PROJECT_VERSION = 1;
				DEVELOPMENT_TEAM = NGW7S9DH6U;
				GENERATE_INFOPLIST_FILE = YES;
				IPHONEOS_DEPLOYMENT_TARGET = 16.1;
				MARKETING_VERSION = 1.0;
				PRODUCT_BUNDLE_IDENTIFIER = "com.believeandsucceed.Daily-TodoTests";
				PRODUCT_NAME = "$(TARGET_NAME)";
				SWIFT_EMIT_LOC_STRINGS = NO;
				SWIFT_VERSION = 5.0;
				TARGETED_DEVICE_FAMILY = "1,2";
				TEST_HOST = "$(BUILT_PRODUCTS_DIR)/Daily Todo.app/$(BUNDLE_EXECUTABLE_FOLDER_PATH)/Daily Todo";
			};
			name = Release;
		};
		BB5E73BA29A6B88C0034F186 /* Debug */ = {
			isa = XCBuildConfiguration;
			buildSettings = {
				ALWAYS_EMBED_SWIFT_STANDARD_LIBRARIES = YES;
				CODE_SIGN_STYLE = Automatic;
				CURRENT_PROJECT_VERSION = 1;
				DEVELOPMENT_TEAM = NGW7S9DH6U;
				GENERATE_INFOPLIST_FILE = YES;
				MARKETING_VERSION = 1.0;
				PRODUCT_BUNDLE_IDENTIFIER = "com.believeandsucceed.Daily-TodoUITests";
				PRODUCT_NAME = "$(TARGET_NAME)";
				SWIFT_EMIT_LOC_STRINGS = NO;
				SWIFT_VERSION = 5.0;
				TARGETED_DEVICE_FAMILY = "1,2";
				TEST_TARGET_NAME = "Daily Todo";
			};
			name = Debug;
		};
		BB5E73BB29A6B88C0034F186 /* Release */ = {
			isa = XCBuildConfiguration;
			buildSettings = {
				ALWAYS_EMBED_SWIFT_STANDARD_LIBRARIES = YES;
				CODE_SIGN_STYLE = Automatic;
				CURRENT_PROJECT_VERSION = 1;
				DEVELOPMENT_TEAM = NGW7S9DH6U;
				GENERATE_INFOPLIST_FILE = YES;
				MARKETING_VERSION = 1.0;
				PRODUCT_BUNDLE_IDENTIFIER = "com.believeandsucceed.Daily-TodoUITests";
				PRODUCT_NAME = "$(TARGET_NAME)";
				SWIFT_EMIT_LOC_STRINGS = NO;
				SWIFT_VERSION = 5.0;
				TARGETED_DEVICE_FAMILY = "1,2";
				TEST_TARGET_NAME = "Daily Todo";
			};
			name = Release;
		};
/* End XCBuildConfiguration section */

/* Begin XCConfigurationList section */
		BB5E738A29A6B8890034F186 /* Build configuration list for PBXProject "Daily Todo" */ = {
			isa = XCConfigurationList;
			buildConfigurations = (
				BB5E73B129A6B88C0034F186 /* Debug */,
				BB5E73B229A6B88C0034F186 /* Release */,
			);
			defaultConfigurationIsVisible = 0;
			defaultConfigurationName = Release;
		};
		BB5E73B329A6B88C0034F186 /* Build configuration list for PBXNativeTarget "Daily Todo" */ = {
			isa = XCConfigurationList;
			buildConfigurations = (
				BB5E73B429A6B88C0034F186 /* Debug */,
				BB5E73B529A6B88C0034F186 /* Release */,
			);
			defaultConfigurationIsVisible = 0;
			defaultConfigurationName = Release;
		};
		BB5E73B629A6B88C0034F186 /* Build configuration list for PBXNativeTarget "Daily TodoTests" */ = {
			isa = XCConfigurationList;
			buildConfigurations = (
				BB5E73B729A6B88C0034F186 /* Debug */,
				BB5E73B829A6B88C0034F186 /* Release */,
			);
			defaultConfigurationIsVisible = 0;
			defaultConfigurationName = Release;
		};
		BB5E73B929A6B88C0034F186 /* Build configuration list for PBXNativeTarget "Daily TodoUITests" */ = {
			isa = XCConfigurationList;
			buildConfigurations = (
				BB5E73BA29A6B88C0034F186 /* Debug */,
				BB5E73BB29A6B88C0034F186 /* Release */,
			);
			defaultConfigurationIsVisible = 0;
			defaultConfigurationName = Release;
		};
/* End XCConfigurationList section */
	};
	rootObject = BB5E738729A6B8890034F186 /* Project object */;
}
